
Microsoft Visual Studio Solution File, Format Version 12.00
# Visual Studio Version 17
VisualStudioVersion = 17.7.34031.279
MinimumVisualStudioVersion = 10.0.40219.1
Project("{9A19103F-16F7-4668-BE54-9A1E7A4F7556}") = "F-B_Project.API", "F-B_Project.API.csproj", "{C5C27BCF-36EE-4E0F-9D8C-5150AD0274D0}"
EndProject
Project("{2150E333-8FDC-42A3-9474-1A3956D46DE8}") = "docs", "docs", "{82065030-0B21-4F98-B11E-AA1CD0D1DFF9}"
	ProjectSection(SolutionItems) = preProject
		..\F&B.docx = ..\F&B.docx
		..\README.md = ..\README.md
	EndProjectSection
EndProject
Project("{2150E333-8FDC-42A3-9474-1A3956D46DE8}") = "src", "src", "{49550D3A-6375-4513-8E18-9CA10D50C08E}"
EndProject
Project("{2150E333-8FDC-42A3-9474-1A3956D46DE8}") = "test", "test", "{7D9367EE-88C5-40C8-BCC1-28013B73D811}"
EndProject
Project("{2150E333-8FDC-42A3-9474-1A3956D46DE8}") = "Infrastructure", "Infrastructure", "{9CE33D18-F9D3-4D0B-82B6-1CF9DCB2A497}"
EndProject
Project("{2150E333-8FDC-42A3-9474-1A3956D46DE8}") = "Presentation", "Presentation", "{537CDF29-6BDD-48BE-B539-7155A123A38B}"
EndProject
Project("{2150E333-8FDC-42A3-9474-1A3956D46DE8}") = "Core", "Core", "{30106A8E-2CBD-4F3E-BAA9-54C2E587175A}"
EndProject
Project("{FAE04EC0-301F-11D3-BF4B-00C04F79EFBC}") = "F-B_Project.Application", "..\F-B_Project.Application\F-B_Project.Application.csproj", "{C8132179-92A3-4E86-A384-B0CDE63B4536}"
EndProject
Project("{FAE04EC0-301F-11D3-BF4B-00C04F79EFBC}") = "F-B_Project.DTOs", "..\F-B_Project.DTOs\F-B_Project.DTOs.csproj", "{1E1A221A-28A0-4E89-8563-20B6B749D8FB}"
EndProject
Project("{FAE04EC0-301F-11D3-BF4B-00C04F79EFBC}") = "F-B_Project.Domain", "..\F-B_Project.Domain\F-B_Project.Domain.csproj", "{BEE561E2-6551-4622-942E-FBF716D644E8}"
EndProject
Project("{2150E333-8FDC-42A3-9474-1A3956D46DE8}") = "Persistence", "Persistence", "{C1ACE29A-12DC-4E5B-A02B-315C3A80F1B8}"
EndProject
Project("{FAE04EC0-301F-11D3-BF4B-00C04F79EFBC}") = "F-B_Project.Database", "..\F-B_Project.Database\F-B_Project.Database.csproj", "{61395F5F-CDF5-4027-AEE4-A05D42CB585F}"
EndProject
Project("{FAE04EC0-301F-11D3-BF4B-00C04F79EFBC}") = "F-B_Project.SystemsAdminAPI", "..\F-B_Project.SystemsAdminAPI\F-B_Project.SystemsAdminAPI.csproj", "{E589C9AF-3F85-4C7D-8358-FE8243B8F381}"
EndProject
Project("{FAE04EC0-301F-11D3-BF4B-00C04F79EFBC}") = "F-B_Project.StoreAdminAPI", "..\F-B_Project.StoreAdminAPI\F-B_Project.StoreAdminAPI.csproj", "{47B98B7F-5300-46B8-A6F0-267E1500F2F6}"
EndProject
Global
	GlobalSection(SolutionConfigurationPlatforms) = preSolution
		Debug|Any CPU = Debug|Any CPU
		Release|Any CPU = Release|Any CPU
	EndGlobalSection
	GlobalSection(ProjectConfigurationPlatforms) = postSolution
		{C5C27BCF-36EE-4E0F-9D8C-5150AD0274D0}.Debug|Any CPU.ActiveCfg = Debug|Any CPU
		{C5C27BCF-36EE-4E0F-9D8C-5150AD0274D0}.Debug|Any CPU.Build.0 = Debug|Any CPU
		{C5C27BCF-36EE-4E0F-9D8C-5150AD0274D0}.Release|Any CPU.ActiveCfg = Release|Any CPU
		{C5C27BCF-36EE-4E0F-9D8C-5150AD0274D0}.Release|Any CPU.Build.0 = Release|Any CPU
		{C8132179-92A3-4E86-A384-B0CDE63B4536}.Debug|Any CPU.ActiveCfg = Debug|Any CPU
		{C8132179-92A3-4E86-A384-B0CDE63B4536}.Debug|Any CPU.Build.0 = Debug|Any CPU
		{C8132179-92A3-4E86-A384-B0CDE63B4536}.Release|Any CPU.ActiveCfg = Release|Any CPU
		{C8132179-92A3-4E86-A384-B0CDE63B4536}.Release|Any CPU.Build.0 = Release|Any CPU
		{1E1A221A-28A0-4E89-8563-20B6B749D8FB}.Debug|Any CPU.ActiveCfg = Debug|Any CPU
		{1E1A221A-28A0-4E89-8563-20B6B749D8FB}.Debug|Any CPU.Build.0 = Debug|Any CPU
		{1E1A221A-28A0-4E89-8563-20B6B749D8FB}.Release|Any CPU.ActiveCfg = Release|Any CPU
		{1E1A221A-28A0-4E89-8563-20B6B749D8FB}.Release|Any CPU.Build.0 = Release|Any CPU
		{BEE561E2-6551-4622-942E-FBF716D644E8}.Debug|Any CPU.ActiveCfg = Debug|Any CPU
		{BEE561E2-6551-4622-942E-FBF716D644E8}.Debug|Any CPU.Build.0 = Debug|Any CPU
		{BEE561E2-6551-4622-942E-FBF716D644E8}.Release|Any CPU.ActiveCfg = Release|Any CPU
		{BEE561E2-6551-4622-942E-FBF716D644E8}.Release|Any CPU.Build.0 = Release|Any CPU
		{61395F5F-CDF5-4027-AEE4-A05D42CB585F}.Debug|Any CPU.ActiveCfg = Debug|Any CPU
		{61395F5F-CDF5-4027-AEE4-A05D42CB585F}.Debug|Any CPU.Build.0 = Debug|Any CPU
		{61395F5F-CDF5-4027-AEE4-A05D42CB585F}.Release|Any CPU.ActiveCfg = Release|Any CPU
		{61395F5F-CDF5-4027-AEE4-A05D42CB585F}.Release|Any CPU.Build.0 = Release|Any CPU
		{E589C9AF-3F85-4C7D-8358-FE8243B8F381}.Debug|Any CPU.ActiveCfg = Debug|Any CPU
		{E589C9AF-3F85-4C7D-8358-FE8243B8F381}.Debug|Any CPU.Build.0 = Debug|Any CPU
		{E589C9AF-3F85-4C7D-8358-FE8243B8F381}.Release|Any CPU.ActiveCfg = Release|Any CPU
		{E589C9AF-3F85-4C7D-8358-FE8243B8F381}.Release|Any CPU.Build.0 = Release|Any CPU
		{47B98B7F-5300-46B8-A6F0-267E1500F2F6}.Debug|Any CPU.ActiveCfg = Debug|Any CPU
		{47B98B7F-5300-46B8-A6F0-267E1500F2F6}.Debug|Any CPU.Build.0 = Debug|Any CPU
		{47B98B7F-5300-46B8-A6F0-267E1500F2F6}.Release|Any CPU.ActiveCfg = Release|Any CPU
		{47B98B7F-5300-46B8-A6F0-267E1500F2F6}.Release|Any CPU.Build.0 = Release|Any CPU
	EndGlobalSection
	GlobalSection(SolutionProperties) = preSolution
		HideSolutionNode = FALSE
	EndGlobalSection
	GlobalSection(NestedProjects) = preSolution
		{C5C27BCF-36EE-4E0F-9D8C-5150AD0274D0} = {537CDF29-6BDD-48BE-B539-7155A123A38B}
		{9CE33D18-F9D3-4D0B-82B6-1CF9DCB2A497} = {49550D3A-6375-4513-8E18-9CA10D50C08E}
		{537CDF29-6BDD-48BE-B539-7155A123A38B} = {49550D3A-6375-4513-8E18-9CA10D50C08E}
		{30106A8E-2CBD-4F3E-BAA9-54C2E587175A} = {49550D3A-6375-4513-8E18-9CA10D50C08E}
		{C8132179-92A3-4E86-A384-B0CDE63B4536} = {30106A8E-2CBD-4F3E-BAA9-54C2E587175A}
		{1E1A221A-28A0-4E89-8563-20B6B749D8FB} = {30106A8E-2CBD-4F3E-BAA9-54C2E587175A}
		{BEE561E2-6551-4622-942E-FBF716D644E8} = {30106A8E-2CBD-4F3E-BAA9-54C2E587175A}
		{C1ACE29A-12DC-4E5B-A02B-315C3A80F1B8} = {49550D3A-6375-4513-8E18-9CA10D50C08E}
		{61395F5F-CDF5-4027-AEE4-A05D42CB585F} = {C1ACE29A-12DC-4E5B-A02B-315C3A80F1B8}
		{E589C9AF-3F85-4C7D-8358-FE8243B8F381} = {537CDF29-6BDD-48BE-B539-7155A123A38B}
		{47B98B7F-5300-46B8-A6F0-267E1500F2F6} = {537CDF29-6BDD-48BE-B539-7155A123A38B}
	EndGlobalSection
	GlobalSection(ExtensibilityGlobals) = postSolution
		SolutionGuid = {33FDBF70-9F04-40A4-90AF-AD4DAFB5C80C}
	EndGlobalSection
EndGlobal
